// !$*UTF8*$!
{
	archiveVersion = 1;
	classes = {
	};
	objectVersion = 77;
	objects = {

/* Begin PBXBuildFile section */
		525285392F7343E7001D9367 /* Products.storekit in Resources */ = {isa = PBXBuildFile; fileRef = 525285382F7343E7001D9367 /* Products.storekit */; };
		525287692FC52BE4001D9367 /* firestore.rules in Resources */ = {isa = PBXBuildFile; fileRef = 525287682FC52BE4001D9367 /* firestore.rules */; };
		5252876B2FC52BE9001D9367 /* storage.rules in Resources */ = {isa = PBXBuildFile; fileRef = 5252876A2FC52BE9001D9367 /* storage.rules */; };
		526E28C82F68AF24000DE26C /* README.md in Resources */ = {isa = PBXBuildFile; fileRef = 526E28C72F68AF24000DE26C /* README.md */; };
		52E64A082F6BBC240005AFA8 /* FirebaseAI in Frameworks */ = {isa = PBXBuildFile; productRef = 52E64A072F6BBC240005AFA8 /* FirebaseAI */; };
		52E64A0A2F6BBC240005AFA8 /* FirebaseAILogic in Frameworks */ = {isa = PBXBuildFile; productRef = 52E64A092F6BBC240005AFA8 /* FirebaseAILogic */; };
		52E64A0C2F6BBC240005AFA8 /* FirebaseAnalytics in Frameworks */ = {isa = PBXBuildFile; productRef = 52E64A0B2F6BBC240005AFA8 /* FirebaseAnalytics */; };
		52E64A0E2F6BBC240005AFA8 /* FirebaseAnalyticsCore in Frameworks */ = {isa = PBXBuildFile; productRef = 52E64A0D2F6BBC240005AFA8 /* FirebaseAnalyticsCore */; };
		52E64A102F6BBC240005AFA8 /* FirebaseAnalyticsIdentitySupport in Frameworks */ = {isa = PBXBuildFile; productRef = 52E64A0F2F6BBC240005AFA8 /* FirebaseAnalyticsIdentitySupport */; };
		52E64A132F6BBC390005AFA8 /* FirebaseAuth in Frameworks */ = {isa = PBXBuildFile; productRef = 52E64A122F6BBC390005AFA8 /* FirebaseAuth */; };
		52E64A152F6BBC390005AFA8 /* FirebaseAuthCombine-Community in Frameworks */ = {isa = PBXBuildFile; productRef = 52E64A142F6BBC390005AFA8 /* FirebaseAuthCombine-Community */; };
		52E64A172F6BBC490005AFA8 /* FirebaseCore in Frameworks */ = {isa = PBXBuildFile; productRef = 52E64A162F6BBC490005AFA8 /* FirebaseCore */; };
		52E64A1D2F6BFCA50005AFA8 /* FirebaseFirestore in Frameworks */ = {isa = PBXBuildFile; productRef = 52E64A1C2F6BFCA50005AFA8 /* FirebaseFirestore */; };
		52E64A1F2F6BFCA50005AFA8 /* FirebaseFirestoreCombine-Community in Frameworks */ = {isa = PBXBuildFile; productRef = 52E64A1E2F6BFCA50005AFA8 /* FirebaseFirestoreCombine-Community */; };
		52E64A212F6C04640005AFA8 /* FirebaseStorage in Frameworks */ = {isa = PBXBuildFile; productRef = 52E64A202F6C04640005AFA8 /* FirebaseStorage */; };
		52E64A232F6C04640005AFA8 /* FirebaseStorageCombine-Community in Frameworks */ = {isa = PBXBuildFile; productRef = 52E64A222F6C04640005AFA8 /* FirebaseStorageCombine-Community */; };
/* End PBXBuildFile section */

/* Begin PBXFileReference section */
		525284B02F71EE0A001D9367 /* Travelwise.app */ = {isa = PBXFileReference; explicitFileType = wrapper.application; includeInIndex = 0; path = Travelwise.app; sourceTree = BUILT_PRODUCTS_DIR; };
		525285382F7343E7001D9367 /* Products.storekit */ = {isa = PBXFileReference; lastKnownFileType = text; path = Products.storekit; sourceTree = "<group>"; };
		525287682FC52BE4001D9367 /* firestore.rules */ = {isa = PBXFileReference; lastKnownFileType = text; path = firestore.rules; sourceTree = "<group>"; };
		5252876A2FC52BE9001D9367 /* storage.rules */ = {isa = PBXFileReference; lastKnownFileType = text; path = storage.rules; sourceTree = "<group>"; };
		526E28C72F68AF24000DE26C /* README.md */ = {isa = PBXFileReference; lastKnownFileType = net.daringfireball.markdown; path = README.md; sourceTree = "<group>"; };
/* End PBXFileReference section */

/* Begin PBXFileSystemSynchronizedRootGroup section */
		526E28B82F68ACD9000DE26C /* Travelwise */ = {
			isa = PBXFileSystemSynchronizedRootGroup;
			path = Travelwise;
			sourceTree = "<group>";
		};
/* End PBXFileSystemSynchronizedRootGroup section */

/* Begin PBXFrameworksBuildPhase section */
		526E28B32F68ACD9000DE26C /* Frameworks */ = {
			isa = PBXFrameworksBuildPhase;
			buildActionMask = 2147483647;
			files = (
				52E64A0A2F6BBC240005AFA8 /* FirebaseAILogic in Frameworks */,
				52E64A132F6BBC390005AFA8 /* FirebaseAuth in Frameworks */,
				52E64A102F6BBC240005AFA8 /* FirebaseAnalyticsIdentitySupport in Frameworks */,
				52E64A1F2F6BFCA50005AFA8 /* FirebaseFirestoreCombine-Community in Frameworks */,
				52E64A082F6BBC240005AFA8 /* FirebaseAI in Frameworks */,
				52E64A0C2F6BBC240005AFA8 /* FirebaseAnalytics in Frameworks */,
				52E64A1D2F6BFCA50005AFA8 /* FirebaseFirestore in Frameworks */,
				52E64A152F6BBC390005AFA8 /* FirebaseAuthCombine-Community in Frameworks */,
				52E64A212F6C04640005AFA8 /* FirebaseStorage in Frameworks */,
				52E64A172F6BBC490005AFA8 /* FirebaseCore in Frameworks */,
				52E64A232F6C04640005AFA8 /* FirebaseStorageCombine-Community in Frameworks */,
				52E64A0E2F6BBC240005AFA8 /* FirebaseAnalyticsCore in Frameworks */,
			);
			runOnlyForDeploymentPostprocessing = 0;
		};
/* End PBXFrameworksBuildPhase section */

/* Begin PBXGroup section */
		526E28AD2F68ACD9000DE26C = {
			isa = PBXGroup;
			children = (
				525285382F7343E7001D9367 /* Products.storekit */,
				526E28B82F68ACD9000DE26C /* Travelwise */,
				526E28C72F68AF24000DE26C /* README.md */,
				525284B02F71EE0A001D9367 /* Travelwise.app */,
				525287682FC52BE4001D9367 /* firestore.rules */,
				5252876A2FC52BE9001D9367 /* storage.rules */,
			);
			sourceTree = "<group>";
		};
/* End PBXGroup section */

/* Begin PBXNativeTarget section */
		526E28B52F68ACD9000DE26C /* Travelwise */ = {
			isa = PBXNativeTarget;
			buildConfigurationList = 526E28C12F68ACD9000DE26C /* Build configuration list for PBXNativeTarget "Travelwise" */;
			buildPhases = (
				526E28B22F68ACD9000DE26C /* Sources */,
				526E28B32F68ACD9000DE26C /* Frameworks */,
				526E28B42F68ACD9000DE26C /* Resources */,
			);
			buildRules = (
			);
			dependencies = (
			);
			fileSystemSynchronizedGroups = (
				526E28B82F68ACD9000DE26C /* Travelwise */,
			);
			name = Travelwise;
			packageProductDependencies = (
				52E64A072F6BBC240005AFA8 /* FirebaseAI */,
				52E64A092F6BBC240005AFA8 /* FirebaseAILogic */,
				52E64A0B2F6BBC240005AFA8 /* FirebaseAnalytics */,
				52E64A0D2F6BBC240005AFA8 /* FirebaseAnalyticsCore */,
				52E64A0F2F6BBC240005AFA8 /* FirebaseAnalyticsIdentitySupport */,
				52E64A122F6BBC390005AFA8 /* FirebaseAuth */,
				52E64A142F6BBC390005AFA8 /* FirebaseAuthCombine-Community */,
				52E64A162F6BBC490005AFA8 /* FirebaseCore */,
				52E64A1C2F6BFCA50005AFA8 /* FirebaseFirestore */,
				52E64A1E2F6BFCA50005AFA8 /* FirebaseFirestoreCombine-Community */,
				52E64A202F6C04640005AFA8 /* FirebaseStorage */,
				52E64A222F6C04640005AFA8 /* FirebaseStorageCombine-Community */,
			);
			productName = Travelwise;
			productReference = 525284B02F71EE0A001D9367 /* Travelwise.app */;
			productType = "com.apple.product-type.application";
		};
/* End PBXNativeTarget section */

/* Begin PBXProject section */
		526E28AE2F68ACD9000DE26C /* Project object */ = {
			isa = PBXProject;
			attributes = {
				BuildIndependentTargetsInParallel = 1;
				LastSwiftUpdateCheck = 2630;
				LastUpgradeCheck = 2630;
				TargetAttributes = {
					526E28B52F68ACD9000DE26C = {
						CreatedOnToolsVersion = 26.3;
					};
				};
			};
			buildConfigurationList = 526E28B12F68ACD9000DE26C /* Build configuration list for PBXProject "Travelwise" */;
			developmentRegion = en;
			hasScannedForEncodings = 0;
			knownRegions = (
				en,
				Base,
			);
			mainGroup = 526E28AD2F68ACD9000DE26C;
			minimizedProjectReferenceProxies = 1;
			packageReferences = (
				52E64A062F6BBC240005AFA8 /* XCRemoteSwiftPackageReference "firebase-ios-sdk" */,
			);
			preferredProjectObjectVersion = 77;
			productRefGroup = 526E28AD2F68ACD9000DE26C;
			projectDirPath = "";
			projectRoot = "";
			targets = (
				526E28B52F68ACD9000DE26C /* Travelwise */,
			);
		};
/* End PBXProject section */

/* Begin PBXResourcesBuildPhase section */
		526E28B42F68ACD9000DE26C /* Resources */ = {
			isa = PBXResourcesBuildPhase;
			buildActionMask = 2147483647;
			files = (
				525285392F7343E7001D9367 /* Products.storekit in Resources */,
				526E28C82F68AF24000DE26C /* README.md in Resources */,
				525287692FC52BE4001D9367 /* firestore.rules in Resources */,
				5252876B2FC52BE9001D9367 /* storage.rules in Resources */,
			);
			runOnlyForDeploymentPostprocessing = 0;
		};
/* End PBXResourcesBuildPhase section */

/* Begin PBXSourcesBuildPhase section */
		526E28B22F68ACD9000DE26C /* Sources */ = {
			isa = PBXSourcesBuildPhase;
			buildActionMask = 2147483647;
			files = (
			);
			runOnlyForDeploymentPostprocessing = 0;
		};
/* End PBXSourcesBuildPhase section */

/* Begin XCBuildConfiguration section */
		526E28BF2F68ACD9000DE26C /* Debug */ = {
			isa = XCBuildConfiguration;
			buildSettings = {
				ALWAYS_SEARCH_USER_PATHS = NO;
				ASSETCATALOG_COMPILER_GENERATE_SWIFT_ASSET_SYMBOL_EXTENSIONS = YES;
				CLANG_ANALYZER_NONNULL = YES;
				CLANG_ANALYZER_NUMBER_OBJECT_CONVERSION = YES_AGGRESSIVE;
				CLANG_CXX_LANGUAGE_STANDARD = "gnu++20";
				CLANG_ENABLE_MODULES = YES;
				CLANG_ENABLE_OBJC_ARC = YES;
				CLANG_ENABLE_OBJC_WEAK = YES;
				CLANG_WARN_BLOCK_CAPTURE_AUTORELEASING = YES;
				CLANG_WARN_BOOL_CONVERSION = YES;
				CLANG_WARN_COMMA = YES;
				CLANG_WARN_CONSTANT_CONVERSION = YES;
				CLANG_WARN_DEPRECATED_OBJC_IMPLEMENTATIONS = YES;
				CLANG_WARN_DIRECT_OBJC_ISA_USAGE = YES_ERROR;
				CLANG_WARN_DOCUMENTATION_COMMENTS = YES;
				CLANG_WARN_EMPTY_BODY = YES;
				CLANG_WARN_ENUM_CONVERSION = YES;
				CLANG_WARN_INFINITE_RECURSION = YES;
				CLANG_WARN_INT_CONVERSION = YES;
				CLANG_WARN_NON_LITERAL_NULL_CONVERSION = YES;
				CLANG_WARN_OBJC_IMPLICIT_RETAIN_SELF = YES;
				CLANG_WARN_OBJC_LITERAL_CONVERSION = YES;
				CLANG_WARN_OBJC_ROOT_CLASS = YES_ERROR;
				CLANG_WARN_QUOTED_INCLUDE_IN_FRAMEWORK_HEADER = YES;
				CLANG_WARN_RANGE_LOOP_ANALYSIS = YES;
				CLANG_WARN_STRICT_PROTOTYPES = YES;
				CLANG_WARN_SUSPICIOUS_MOVE = YES;
				CLANG_WARN_UNGUARDED_AVAILABILITY = YES_AGGRESSIVE;
				CLANG_WARN_UNREACHABLE_CODE = YES;
				CLANG_WARN__DUPLICATE_METHOD_MATCH = YES;
				COPY_PHASE_STRIP = NO;
				DEBUG_INFORMATION_FORMAT = dwarf;
				DEVELOPMENT_TEAM = CX9P6A84SZ;
				ENABLE_STRICT_OBJC_MSGSEND = YES;
				ENABLE_TESTABILITY = YES;
				ENABLE_USER_SCRIPT_SANDBOXING = YES;
				GCC_C_LANGUAGE_STANDARD = gnu17;
				GCC_DYNAMIC_NO_PIC = NO;
				GCC_NO_COMMON_BLOCKS = YES;
				GCC_OPTIMIZATION_LEVEL = 0;
				GCC_PREPROCESSOR_DEFINITIONS = (
					"DEBUG=1",
					"$(inherited)",
				);
				GCC_WARN_64_TO_32_BIT_CONVERSION = YES;
				GCC_WARN_ABOUT_RETURN_TYPE = YES_ERROR;
				GCC_WARN_UNDECLARED_SELECTOR = YES;
				GCC_WARN_UNINITIALIZED_AUTOS = YES_AGGRESSIVE;
				GCC_WARN_UNUSED_FUNCTION = YES;
				GCC_WARN_UNUSED_VARIABLE = YES;
				IPHONEOS_DEPLOYMENT_TARGET = 18.6;
				LOCALIZATION_PREFERS_STRING_CATALOGS = YES;
				MTL_ENABLE_DEBUG_INFO = INCLUDE_SOURCE;
				MTL_FAST_MATH = YES;
				ONLY_ACTIVE_ARCH = YES;
				SDKROOT = iphoneos;
				SWIFT_ACTIVE_COMPILATION_CONDITIONS = "DEBUG $(inherited)";
				SWIFT_OPTIMIZATION_LEVEL = "-Onone";
			};
			name = Debug;
		};
		526E28C02F68ACD9000DE26C /* Release */ = {
			isa = XCBuildConfiguration;
			buildSettings = {
				ALWAYS_SEARCH_USER_PATHS = NO;
				ASSETCATALOG_COMPILER_GENERATE_SWIFT_ASSET_SYMBOL_EXTENSIONS = YES;
				CLANG_ANALYZER_NONNULL = YES;
				CLANG_ANALYZER_NUMBER_OBJECT_CONVERSION = YES_AGGRESSIVE;
				CLANG_CXX_LANGUAGE_STANDARD = "gnu++20";
				CLANG_ENABLE_MODULES = YES;
				CLANG_ENABLE_OBJC_ARC = YES;
				CLANG_ENABLE_OBJC_WEAK = YES;
				CLANG_WARN_BLOCK_CAPTURE_AUTORELEASING = YES;
				CLANG_WARN_BOOL_CONVERSION = YES;
				CLANG_WARN_COMMA = YES;
				CLANG_WARN_CONSTANT_CONVERSION = YES;
				CLANG_WARN_DEPRECATED_OBJC_IMPLEMENTATIONS = YES;
				CLANG_WARN_DIRECT_OBJC_ISA_USAGE = YES_ERROR;
				CLANG_WARN_DOCUMENTATION_COMMENTS = YES;
				CLANG_WARN_EMPTY_BODY = YES;
				CLANG_WARN_ENUM_CONVERSION = YES;
				CLANG_WARN_INFINITE_RECURSION = YES;
				CLANG_WARN_INT_CONVERSION = YES;
				CLANG_WARN_NON_LITERAL_NULL_CONVERSION = YES;
				CLANG_WARN_OBJC_IMPLICIT_RETAIN_SELF = YES;
				CLANG_WARN_OBJC_LITERAL_CONVERSION = YES;
				CLANG_WARN_OBJC_ROOT_CLASS = YES_ERROR;
				CLANG_WARN_QUOTED_INCLUDE_IN_FRAMEWORK_HEADER = YES;
				CLANG_WARN_RANGE_LOOP_ANALYSIS = YES;
				CLANG_WARN_STRICT_PROTOTYPES = YES;
				CLANG_WARN_SUSPICIOUS_MOVE = YES;
				CLANG_WARN_UNGUARDED_AVAILABILITY = YES_AGGRESSIVE;
				CLANG_WARN_UNREACHABLE_CODE = YES;
				CLANG_WARN__DUPLICATE_METHOD_MATCH = YES;
				COPY_PHASE_STRIP = NO;
				DEBUG_INFORMATION_FORMAT = "dwarf-with-dsym";
				DEVELOPMENT_TEAM = CX9P6A84SZ;
				ENABLE_NS_ASSERTIONS = NO;
				ENABLE_STRICT_OBJC_MSGSEND = YES;
				ENABLE_USER_SCRIPT_SANDBOXING = YES;
				GCC_C_LANGUAGE_STANDARD = gnu17;
				GCC_NO_COMMON_BLOCKS = YES;
				GCC_WARN_64_TO_32_BIT_CONVERSION = YES;
				GCC_WARN_ABOUT_RETURN_TYPE = YES_ERROR;
				GCC_WARN_UNDECLARED_SELECTOR = YES;
				GCC_WARN_UNINITIALIZED_AUTOS = YES_AGGRESSIVE;
				GCC_WARN_UNUSED_FUNCTION = YES;
				GCC_WARN_UNUSED_VARIABLE = YES;
				IPHONEOS_DEPLOYMENT_TARGET = 18.6;
				LOCALIZATION_PREFERS_STRING_CATALOGS = YES;
				MTL_ENABLE_DEBUG_INFO = NO;
				MTL_FAST_MATH = YES;
				SDKROOT = iphoneos;
				SWIFT_COMPILATION_MODE = wholemodule;
				VALIDATE_PRODUCT = YES;
			};
			name = Release;
		};
		526E28C22F68ACD9000DE26C /* Debug */ = {
			isa = XCBuildConfiguration;
			buildSettings = {
				ASSETCATALOG_COMPILER_APPICON_NAME = AppIcon;
				ASSETCATALOG_COMPILER_GLOBAL_ACCENT_COLOR_NAME = AccentColor;
				CODE_SIGN_STYLE = Automatic;
				CURRENT_PROJECT_VERSION = 1;
				DEVELOPMENT_TEAM = CX9P6A84SZ;
				ENABLE_PREVIEWS = YES;
				GENERATE_INFOPLIST_FILE = YES;
				INFOPLIST_KEY_NSLocationWhenInUseUsageDescription = "ravelwise uses your location to pin expenses on the map.";
				INFOPLIST_KEY_UIApplicationSceneManifest_Generation = YES;
				INFOPLIST_KEY_UIApplicationSupportsIndirectInputEvents = YES;
				INFOPLIST_KEY_UILaunchScreen_Generation = YES;
				INFOPLIST_KEY_UISupportedInterfaceOrientations_iPad = "UIInterfaceOrientationPortrait UIInterfaceOrientationPortraitUpsideDown UIInterfaceOrientationLandscapeLeft UIInterfaceOrientationLandscapeRight";
				INFOPLIST_KEY_UISupportedInterfaceOrientations_iPhone = "UIInterfaceOrientationPortrait UIInterfaceOrientationLandscapeLeft UIInterfaceOrientationLandscapeRight";
				LD_RUNPATH_SEARCH_PATHS = (
					"$(inherited)",
					"@executable_path/Frameworks",
				);
				MARKETING_VERSION = 1.0;
				PRODUCT_BUNDLE_IDENTIFIER = com.mayze.Travelwise;
				PRODUCT_NAME = "$(TARGET_NAME)";
				STRING_CATALOG_GENERATE_SYMBOLS = YES;
				SWIFT_APPROACHABLE_CONCURRENCY = YES;
				SWIFT_DEFAULT_ACTOR_ISOLATION = MainActor;
				SWIFT_EMIT_LOC_STRINGS = YES;
				SWIFT_UPCOMING_FEATURE_MEMBER_IMPORT_VISIBILITY = YES;
				SWIFT_VERSION = 5.0;
				TARGETED_DEVICE_FAMILY = "1,2";
			};
			name = Debug;
		};
		526E28C32F68ACD9000DE26C /* Release */ = {
			isa = XCBuildConfiguration;
			buildSettings = {
				ASSETCATALOG_COMPILER_APPICON_NAME = AppIcon;
				ASSETCATALOG_COMPILER_GLOBAL_ACCENT_COLOR_NAME = AccentColor;
				CODE_SIGN_STYLE = Automatic;
				CURRENT_PROJECT_VERSION = 1;
				DEVELOPMENT_TEAM = CX9P6A84SZ;
				ENABLE_PREVIEWS = YES;
				GENERATE_INFOPLIST_FILE = YES;
				INFOPLIST_KEY_NSLocationWhenInUseUsageDescription = "ravelwise uses your location to pin expenses on the map.";
				INFOPLIST_KEY_UIApplicationSceneManifest_Generation = YES;
				INFOPLIST_KEY_UIApplicationSupportsIndirectInputEvents = YES;
				INFOPLIST_KEY_UILaunchScreen_Generation = YES;
				INFOPLIST_KEY_UISupportedInterfaceOrientations_iPad = "UIInterfaceOrientationPortrait UIInterfaceOrientationPortraitUpsideDown UIInterfaceOrientationLandscapeLeft UIInterfaceOrientationLandscapeRight";
				INFOPLIST_KEY_UISupportedInterfaceOrientations_iPhone = "UIInterfaceOrientationPortrait UIInterfaceOrientationLandscapeLeft UIInterfaceOrientationLandscapeRight";
				LD_RUNPATH_SEARCH_PATHS = (
					"$(inherited)",
					"@executable_path/Frameworks",
				);
				MARKETING_VERSION = 1.0;
				PRODUCT_BUNDLE_IDENTIFIER = com.mayze.Travelwise;
				PRODUCT_NAME = "$(TARGET_NAME)";
				STRING_CATALOG_GENERATE_SYMBOLS = YES;
				SWIFT_APPROACHABLE_CONCURRENCY = YES;
				SWIFT_DEFAULT_ACTOR_ISOLATION = MainActor;
				SWIFT_EMIT_LOC_STRINGS = YES;
				SWIFT_UPCOMING_FEATURE_MEMBER_IMPORT_VISIBILITY = YES;
				SWIFT_VERSION = 5.0;
				TARGETED_DEVICE_FAMILY = "1,2";
			};
			name = Release;
		};
/* End XCBuildConfiguration section */

/* Begin XCConfigurationList section */
		526E28B12F68ACD9000DE26C /* Build configuration list for PBXProject "Travelwise" */ = {
			isa = XCConfigurationList;
			buildConfigurations = (
				526E28BF2F68ACD9000DE26C /* Debug */,
				526E28C02F68ACD9000DE26C /* Release */,
			);
			defaultConfigurationIsVisible = 0;
			defaultConfigurationName = Release;
		};
		526E28C12F68ACD9000DE26C /* Build configuration list for PBXNativeTarget "Travelwise" */ = {
			isa = XCConfigurationList;
			buildConfigurations = (
				526E28C22F68ACD9000DE26C /* Debug */,
				526E28C32F68ACD9000DE26C /* Release */,
			);
			defaultConfigurationIsVisible = 0;
			defaultConfigurationName = Release;
		};
/* End XCConfigurationList section */

/* Begin XCRemoteSwiftPackageReference section */
		52E64A062F6BBC240005AFA8 /* XCRemoteSwiftPackageReference "firebase-ios-sdk" */ = {
			isa = XCRemoteSwiftPackageReference;
			repositoryURL = "https://github.com/firebase/firebase-ios-sdk";
			requirement = {
				kind = upToNextMajorVersion;
				minimumVersion = 12.11.0;
			};
		};
/* End XCRemoteSwiftPackageReference section */

/* Begin XCSwiftPackageProductDependency section */
		52E64A072F6BBC240005AFA8 /* FirebaseAI */ = {
			isa = XCSwiftPackageProductDependency;
			package = 52E64A062F6BBC240005AFA8 /* XCRemoteSwiftPackageReference "firebase-ios-sdk" */;
			productName = FirebaseAI;
		};
		52E64A092F6BBC240005AFA8 /* FirebaseAILogic */ = {
			isa = XCSwiftPackageProductDependency;
			package = 52E64A062F6BBC240005AFA8 /* XCRemoteSwiftPackageReference "firebase-ios-sdk" */;
			productName = FirebaseAILogic;
		};
		52E64A0B2F6BBC240005AFA8 /* FirebaseAnalytics */ = {
			isa = XCSwiftPackageProductDependency;
			package = 52E64A062F6BBC240005AFA8 /* XCRemoteSwiftPackageReference "firebase-ios-sdk" */;
			productName = FirebaseAnalytics;
		};
		52E64A0D2F6BBC240005AFA8 /* FirebaseAnalyticsCore */ = {
			isa = XCSwiftPackageProductDependency;
			package = 52E64A062F6BBC240005AFA8 /* XCRemoteSwiftPackageReference "firebase-ios-sdk" */;
			productName = FirebaseAnalyticsCore;
		};
		52E64A0F2F6BBC240005AFA8 /* FirebaseAnalyticsIdentitySupport */ = {
			isa = XCSwiftPackageProductDependency;
			package = 52E64A062F6BBC240005AFA8 /* XCRemoteSwiftPackageReference "firebase-ios-sdk" */;
			productName = FirebaseAnalyticsIdentitySupport;
		};
		52E64A122F6BBC390005AFA8 /* FirebaseAuth */ = {
			isa = XCSwiftPackageProductDependency;
			package = 52E64A062F6BBC240005AFA8 /* XCRemoteSwiftPackageReference "firebase-ios-sdk" */;
			productName = FirebaseAuth;
		};
		52E64A142F6BBC390005AFA8 /* FirebaseAuthCombine-Community */ = {
			isa = XCSwiftPackageProductDependency;
			package = 52E64A062F6BBC240005AFA8 /* XCRemoteSwiftPackageReference "firebase-ios-sdk" */;
			productName = "FirebaseAuthCombine-Community";
		};
		52E64A162F6BBC490005AFA8 /* FirebaseCore */ = {
			isa = XCSwiftPackageProductDependency;
			package = 52E64A062F6BBC240005AFA8 /* XCRemoteSwiftPackageReference "firebase-ios-sdk" */;
			productName = FirebaseCore;
		};
		52E64A1C2F6BFCA50005AFA8 /* FirebaseFirestore */ = {
			isa = XCSwiftPackageProductDependency;
			package = 52E64A062F6BBC240005AFA8 /* XCRemoteSwiftPackageReference "firebase-ios-sdk" */;
			productName = FirebaseFirestore;
		};
		52E64A1E2F6BFCA50005AFA8 /* FirebaseFirestoreCombine-Community */ = {
			isa = XCSwiftPackageProductDependency;
			package = 52E64A062F6BBC240005AFA8 /* XCRemoteSwiftPackageReference "firebase-ios-sdk" */;
			productName = "FirebaseFirestoreCombine-Community";
		};
		52E64A202F6C04640005AFA8 /* FirebaseStorage */ = {
			isa = XCSwiftPackageProductDependency;
			package = 52E64A062F6BBC240005AFA8 /* XCRemoteSwiftPackageReference "firebase-ios-sdk" */;
			productName = FirebaseStorage;
		};
		52E64A222F6C04640005AFA8 /* FirebaseStorageCombine-Community */ = {
			isa = XCSwiftPackageProductDependency;
			package = 52E64A062F6BBC240005AFA8 /* XCRemoteSwiftPackageReference "firebase-ios-sdk" */;
			productName = "FirebaseStorageCombine-Community";
		};
/* End XCSwiftPackageProductDependency section */
	};
	rootObject = 526E28AE2F68ACD9000DE26C /* Project object */;
}
